
Microsoft Visual Studio Solution File, Format Version 12.00
# Visual Studio Version 16
VisualStudioVersion = 16.0.33927.289
MinimumVisualStudioVersion = 10.0.40219.1
Project("{FAE04EC0-301F-11D3-BF4B-00C04F79EFBC}") = "BB PROJECT", "BB PROJECT\BB PROJECT.csproj", "{C26A6B3A-38EB-4368-AA46-7A804229F21A}"
EndProject
Project("{FAE04EC0-301F-11D3-BF4B-00C04F79EFBC}") = "BB-project2", "BB-project2\BB-project2.csproj", "{8962CBD3-75FE-4271-9449-9561B35C5C9B}"
EndProject
Project("{FAE04EC0-301F-11D3-BF4B-00C04F79EFBC}") = "LINQ-PROJECT", "LINQ-PROJECT\LINQ-PROJECT.csproj", "{5D8A612D-D1D5-4BC3-A56A-125859AD16C8}"
EndProject
Project("{FAE04EC0-301F-11D3-BF4B-00C04F79EFBC}") = "LINQ TO SQL WITH WINDOW FORM", "LINQ TO SQL WITH WINDOW FORM\LINQ TO SQL WITH WINDOW FORM.csproj", "{25594E15-981A-4A6F-8DB7-F62F7ED2E08C}"
EndProject
Project("{FAE04EC0-301F-11D3-BF4B-00C04F79EFBC}") = "PRACTICE-PROJECT", "PRACTICE-PROJECT\PRACTICE-PROJECT.csproj", "{2BA07C92-53FE-4381-8548-A1CF5139C20B}"
EndProject
Project("{FAE04EC0-301F-11D3-BF4B-00C04F79EFBC}") = "WEP-API PROJECT", "WEP-API PROJECT\WEP-API PROJECT.csproj", "{984AEE5F-1137-4CC3-8227-3A582FE2FC64}"
EndProject
Global
	GlobalSection(SolutionConfigurationPlatforms) = preSolution
		Debug|Any CPU = Debug|Any CPU
		Release|Any CPU = Release|Any CPU
	EndGlobalSection
	GlobalSection(ProjectConfigurationPlatforms) = postSolution
		{C26A6B3A-38EB-4368-AA46-7A804229F21A}.Debug|Any CPU.ActiveCfg = Debug|Any CPU
		{C26A6B3A-38EB-4368-AA46-7A804229F21A}.Debug|Any CPU.Build.0 = Debug|Any CPU
		{C26A6B3A-38EB-4368-AA46-7A804229F21A}.Release|Any CPU.ActiveCfg = Release|Any CPU
		{C26A6B3A-38EB-4368-AA46-7A804229F21A}.Release|Any CPU.Build.0 = Release|Any CPU
		{8962CBD3-75FE-4271-9449-9561B35C5C9B}.Debug|Any CPU.ActiveCfg = Debug|Any CPU
		{8962CBD3-75FE-4271-9449-9561B35C5C9B}.Debug|Any CPU.Build.0 = Debug|Any CPU
		{8962CBD3-75FE-4271-9449-9561B35C5C9B}.Release|Any CPU.ActiveCfg = Release|Any CPU
		{8962CBD3-75FE-4271-9449-9561B35C5C9B}.Release|Any CPU.Build.0 = Release|Any CPU
		{5D8A612D-D1D5-4BC3-A56A-125859AD16C8}.Debug|Any CPU.ActiveCfg = Debug|Any CPU
		{5D8A612D-D1D5-4BC3-A56A-125859AD16C8}.Debug|Any CPU.Build.0 = Debug|Any CPU
		{5D8A612D-D1D5-4BC3-A56A-125859AD16C8}.Release|Any CPU.ActiveCfg = Release|Any CPU
		{5D8A612D-D1D5-4BC3-A56A-125859AD16C8}.Release|Any CPU.Build.0 = Release|Any CPU
		{25594E15-981A-4A6F-8DB7-F62F7ED2E08C}.Debug|Any CPU.ActiveCfg = Debug|Any CPU
		{25594E15-981A-4A6F-8DB7-F62F7ED2E08C}.Debug|Any CPU.Build.0 = Debug|Any CPU
		{25594E15-981A-4A6F-8DB7-F62F7ED2E08C}.Release|Any CPU.ActiveCfg = Release|Any CPU
		{25594E15-981A-4A6F-8DB7-F62F7ED2E08C}.Release|Any CPU.Build.0 = Release|Any CPU
		{2BA07C92-53FE-4381-8548-A1CF5139C20B}.Debug|Any CPU.ActiveCfg = Debug|Any CPU
		{2BA07C92-53FE-4381-8548-A1CF5139C20B}.Debug|Any CPU.Build.0 = Debug|Any CPU
		{2BA07C92-53FE-4381-8548-A1CF5139C20B}.Release|Any CPU.ActiveCfg = Release|Any CPU
		{2BA07C92-53FE-4381-8548-A1CF5139C20B}.Release|Any CPU.Build.0 = Release|Any CPU
		{984AEE5F-1137-4CC3-8227-3A582FE2FC64}.Debug|Any CPU.ActiveCfg = Debug|Any CPU
		{984AEE5F-1137-4CC3-8227-3A582FE2FC64}.Debug|Any CPU.Build.0 = Debug|Any CPU
		{984AEE5F-1137-4CC3-8227-3A582FE2FC64}.Release|Any CPU.ActiveCfg = Release|Any CPU
		{984AEE5F-1137-4CC3-8227-3A582FE2FC64}.Release|Any CPU.Build.0 = Release|Any CPU
	EndGlobalSection
	GlobalSection(SolutionProperties) = preSolution
		HideSolutionNode = FALSE
	EndGlobalSection
	GlobalSection(ExtensibilityGlobals) = postSolution
		SolutionGuid = {CFDA2162-E32F-476E-8F7F-7EDE6F804133}
	EndGlobalSection
EndGlobal
